
Microsoft Visual Studio Solution File, Format Version 12.00
Project("{FAE04EC0-301F-11D3-BF4B-00C04F79EFBC}") = "PromptChaining.SemanticKernel", "PromptChaining.SemanticKernel\PromptChaining.SemanticKernel.csproj", "{A2B8D3ED-8B20-45BC-BF0E-28F9AE22666C}"
EndProject
Project("{FAE04EC0-301F-11D3-BF4B-00C04F79EFBC}") = "Shared", "Shared\Shared.csproj", "{3747365F-85D3-4097-941B-53108DAE1916}"
EndProject
Project("{FAE04EC0-301F-11D3-BF4B-00C04F79EFBC}") = "PromptChaining.AgentFramework", "PromptChaining.AgentFramework\PromptChaining.AgentFramework.csproj", "{046CC71A-5144-4F6B-820A-0A75B8A7BC8F}"
EndProject
Project("{FAE04EC0-301F-11D3-BF4B-00C04F79EFBC}") = "Routing.SemanticKernel", "Routing.SemanticKernel\Routing.SemanticKernel.csproj", "{827A71AD-E5FA-4A8A-BED2-B6D4E4AAEC24}"
EndProject
Project("{FAE04EC0-301F-11D3-BF4B-00C04F79EFBC}") = "Routing.AgentFramework", "Routing.AgentFramework\Routing.AgentFramework.csproj", "{84973B7F-A903-436F-9B68-D2999F9D9237}"
EndProject
Project("{FAE04EC0-301F-11D3-BF4B-00C04F79EFBC}") = "Routing.AgentFramework.Workflow", "Routing.AgentFramework.Workflow\Routing.AgentFramework.Workflow.csproj", "{ABCC2A7E-E186-465D-972C-10200320E03C}"
EndProject
Project("{FAE04EC0-301F-11D3-BF4B-00C04F79EFBC}") = "Parallelization.SemanticKernel", "Parallelization.SemanticKernel\Parallelization.SemanticKernel.csproj", "{F769C41B-1CA2-4C54-94F3-011919E33729}"
EndProject
Project("{FAE04EC0-301F-11D3-BF4B-00C04F79EFBC}") = "Parallelization.AgentFramework", "Parallelization.AgentFramework\Parallelization.AgentFramework.csproj", "{233333C4-A158-43C4-8C60-CC1E90F40AAA}"
EndProject
Project("{FAE04EC0-301F-11D3-BF4B-00C04F79EFBC}") = "ToolUse.SemanticKernel", "ToolUse.SemanticKernel\ToolUse.SemanticKernel.csproj", "{88A248EA-17C4-4489-9D61-091DC587B335}"
EndProject
Project("{FAE04EC0-301F-11D3-BF4B-00C04F79EFBC}") = "ToolUse.AgentFramework", "ToolUse.AgentFramework\ToolUse.AgentFramework.csproj", "{9EB35343-2133-458B-BF85-540BD83A1BAA}"
EndProject
Project("{FAE04EC0-301F-11D3-BF4B-00C04F79EFBC}") = "Planning.SemanticKernel", "Planning.SemanticKernel\Planning.SemanticKernel.csproj", "{CB19F9B0-3A3B-41ED-96C1-F83802E0AE3A}"
EndProject
Project("{FAE04EC0-301F-11D3-BF4B-00C04F79EFBC}") = "Planning.AgentFramework", "Planning.AgentFramework\Planning.AgentFramework.csproj", "{9EC0AD76-FF35-4A84-BD45-AC0F422B39E3}"
EndProject
Project("{FAE04EC0-301F-11D3-BF4B-00C04F79EFBC}") = "MultiAgentCollaboration.SemanticKernel", "MultiAgentCollaboration.SemanticKernel\MultiAgentCollaboration.SemanticKernel.csproj", "{E373BD76-A98F-4A7D-B970-66083E508FA8}"
EndProject
Project("{FAE04EC0-301F-11D3-BF4B-00C04F79EFBC}") = "MultiAgentCollaboration.AgentFramework", "MultiAgentCollaboration.AgentFramework\MultiAgentCollaboration.AgentFramework.csproj", "{632701A3-2F9D-4349-9DBC-13F5EC62F255}"
EndProject
Project("{FAE04EC0-301F-11D3-BF4B-00C04F79EFBC}") = "MemoryManagement.SemanticKernel", "MemoryManagement.SemanticKernel\MemoryManagement.SemanticKernel.csproj", "{CA37B65D-9F10-4520-8AD1-FFA104EBDEE2}"
EndProject
Project("{FAE04EC0-301F-11D3-BF4B-00C04F79EFBC}") = "MemoryManagement.AgentFramework", "MemoryManagement.AgentFramework\MemoryManagement.AgentFramework.csproj", "{0C279131-9679-40B6-B751-3F99B1F940D8}"
EndProject
Project("{FAE04EC0-301F-11D3-BF4B-00C04F79EFBC}") = "LearningAndAdaptation.SemanticKernel", "LearningAndAdaptation.SemanticKernel\LearningAndAdaptation.SemanticKernel.csproj", "{12D197BF-0A68-4AD1-98D9-9A61F4EDD759}"
EndProject
Project("{FAE04EC0-301F-11D3-BF4B-00C04F79EFBC}") = "LearningAndAdaptation.AgentFramework", "LearningAndAdaptation.AgentFramework\LearningAndAdaptation.AgentFramework.csproj", "{AECE60CE-9A59-48DA-982D-C62E73DFF5A3}"
EndProject
Project("{FAE04EC0-301F-11D3-BF4B-00C04F79EFBC}") = "MCP.SemanticKernel", "MCP.SemanticKernel\MCP.SemanticKernel.csproj", "{838FD919-252B-4DC3-B551-822ACA937CA9}"
EndProject
Project("{FAE04EC0-301F-11D3-BF4B-00C04F79EFBC}") = "GoalSettingAndMonitoring.SemanticKernel", "GoalSettingAndMonitoring.SemanticKernel\GoalSettingAndMonitoring.SemanticKernel.csproj", "{3EF068DF-B69E-46B1-8E00-C908AF5D0181}"
EndProject
Project("{FAE04EC0-301F-11D3-BF4B-00C04F79EFBC}") = "GoalSettingsAndMonitoring.AgentFramework", "GoalSettingsAndMonitoring.AgentFramework\GoalSettingsAndMonitoring.AgentFramework.csproj", "{EF4AB50B-BE41-46B4-8A0D-A5D4AAD949C9}"
EndProject
Project("{FAE04EC0-301F-11D3-BF4B-00C04F79EFBC}") = "ExceptionHandlingAndRecovery.SemanticKernel", "ExceptionHandlingAndRecovery.SemanticKernel\ExceptionHandlingAndRecovery.SemanticKernel.csproj", "{2D4D76FC-D909-4061-A6C1-57D23FF82863}"
EndProject
Project("{FAE04EC0-301F-11D3-BF4B-00C04F79EFBC}") = "ExceptionHandlingAndRecovery.AgentFramework", "ExceptionHandlingAndRecovery.AgentFramework\ExceptionHandlingAndRecovery.AgentFramework.csproj", "{E1F119FB-97D6-466C-B6C0-962F5FBE76AD}"
EndProject
Project("{FAE04EC0-301F-11D3-BF4B-00C04F79EFBC}") = "HumanInTheLoop.SemanticKernel", "HumanInTheLoop.SemanticKernel\HumanInTheLoop.SemanticKernel.csproj", "{096A2A68-A942-4256-A5A9-7036AF01A465}"
EndProject
Project("{FAE04EC0-301F-11D3-BF4B-00C04F79EFBC}") = "HumanInTheLoop.AgentFramework", "HumanInTheLoop.AgentFramework\HumanInTheLoop.AgentFramework.csproj", "{35AE8CCC-B285-45CC-9B98-15FB4E6B21A6}"
EndProject
Project("{FAE04EC0-301F-11D3-BF4B-00C04F79EFBC}") = "RAG.SemanticKernel", "RAG.SemanticKernel\RAG.SemanticKernel.csproj", "{C59D0B7D-11E9-47FA-88D0-342BCC29050E}"
EndProject
Project("{FAE04EC0-301F-11D3-BF4B-00C04F79EFBC}") = "RAG.AgentFramework", "RAG.AgentFramework\RAG.AgentFramework.csproj", "{64F3C289-2DC2-4501-85E2-7328C62C8B4D}"
EndProject
Project("{2150E333-8FDC-42A3-9474-1A3956D46DE8}") = "InterAgentCommunication", "InterAgentCommunication", "{C1B4C484-62E8-484C-9161-C3B095DCD0E9}"
EndProject
Project("{FAE04EC0-301F-11D3-BF4B-00C04F79EFBC}") = "InterAgentCommunication.A2A.SemanticKernel.Server", "InterAgentCommunication.A2A.SemanticKernel.Server\InterAgentCommunication.A2A.SemanticKernel.Server.csproj", "{4A3FC202-6AE4-4E3B-B3A7-01BFF7AC7338}"
EndProject
Project("{FAE04EC0-301F-11D3-BF4B-00C04F79EFBC}") = "InterAgentCommunication.A2A.SemanticKernel.Client", "InterAgentCommunication.A2A.SemanticKernel.Client\InterAgentCommunication.A2A.SemanticKernel.Client.csproj", "{7D08EE3C-CF08-4D15-A2FF-238A6050957D}"
EndProject
Project("{FAE04EC0-301F-11D3-BF4B-00C04F79EFBC}") = "InterAgentCommunication.A2A.AgentFramework.Server", "InterAgentCommunication.A2A.AgentFramework.Server\InterAgentCommunication.A2A.AgentFramework.Server.csproj", "{E6A88D8E-B182-4980-9954-B19D3A5FBD09}"
EndProject
Project("{FAE04EC0-301F-11D3-BF4B-00C04F79EFBC}") = "InterAgentCommunication.A2A.AgentFramework.Client", "InterAgentCommunication.A2A.AgentFramework.Client\InterAgentCommunication.A2A.AgentFramework.Client.csproj", "{6CC08204-1321-4EA3-B53B-588460D63199}"
EndProject
Project("{FAE04EC0-301F-11D3-BF4B-00C04F79EFBC}") = "ResourceAwareOptimization.SemanticKernel", "ResourceAwareOptimization.SemanticKernel\ResourceAwareOptimization.SemanticKernel.csproj", "{F3CF8650-E22D-4C96-9E19-FF9C70B260D0}"
EndProject
Project("{FAE04EC0-301F-11D3-BF4B-00C04F79EFBC}") = "ResourceAwareOptimization.AgentFramework", "ResourceAwareOptimization.AgentFramework\ResourceAwareOptimization.AgentFramework.csproj", "{0209D398-BF36-4BA7-962E-0D270C020927}"
EndProject
Project("{FAE04EC0-301F-11D3-BF4B-00C04F79EFBC}") = "ChainofThoughts", "ChainofThoughts\ChainofThoughts.csproj", "{2DE71327-62B0-4CA4-91B0-E34C66129648}"
EndProject
Project("{FAE04EC0-301F-11D3-BF4B-00C04F79EFBC}") = "ReasoningAndActing", "ReasoningAndActing\ReasoningAndActing.csproj", "{28F59CEB-4541-42B9-9608-5F2F18D36961}"
EndProject
Project("{FAE04EC0-301F-11D3-BF4B-00C04F79EFBC}") = "SelfCorrectionLoop", "SelfCorrectionLoop\SelfCorrectionLoop.csproj", "{9A7AD17C-C77D-4FDA-95D4-89E874346320}"
EndProject
Project("{2150E333-8FDC-42A3-9474-1A3956D46DE8}") = "ReasoningTechniques", "ReasoningTechniques", "{30EC1B76-B18A-4F4F-92FB-8D1C58C10450}"
EndProject
Project("{FAE04EC0-301F-11D3-BF4B-00C04F79EFBC}") = "GuardRails.SemanticKernel", "GuardRails.SemanticKernel\GuardRails.SemanticKernel.csproj", "{ECF403B4-6009-4443-A52C-53749883897C}"
EndProject
Project("{FAE04EC0-301F-11D3-BF4B-00C04F79EFBC}") = "GuardRails.AgentFramework", "GuardRails.AgentFramework\GuardRails.AgentFramework.csproj", "{8EAA1561-1546-45DB-BA48-75570CC4A3E1}"
EndProject
Project("{FAE04EC0-301F-11D3-BF4B-00C04F79EFBC}") = "EvaluationAndMonitoring.SemanticKernel", "EvaluationAndMonitoring.SemanticKernel\EvaluationAndMonitoring.SemanticKernel.csproj", "{FC6ECC1D-A250-4AC4-A5D3-CB9F497667EC}"
EndProject
Project("{FAE04EC0-301F-11D3-BF4B-00C04F79EFBC}") = "EvaluationAndMonitoring.AgentFramework", "EvaluationAndMonitoring.AgentFramework\EvaluationAndMonitoring.AgentFramework.csproj", "{A7A29D57-AA15-4308-BAE6-04327B61ACEC}"
EndProject
Project("{FAE04EC0-301F-11D3-BF4B-00C04F79EFBC}") = "Prioritization.SemanticKernel", "Prioritization.SemanticKernel\Prioritization.SemanticKernel.csproj", "{0A93C78D-7122-4911-9F93-708D286DB21E}"
EndProject
Project("{FAE04EC0-301F-11D3-BF4B-00C04F79EFBC}") = "Prioritization.AgentFramework", "Prioritization.AgentFramework\Prioritization.AgentFramework.csproj", "{7069F54B-3223-4656-B42E-7287A147B4A6}"
EndProject
Project("{FAE04EC0-301F-11D3-BF4B-00C04F79EFBC}") = "ExplorationAndDiscovery.SemanticKernel", "ExplorationAndDiscovery.SemanticKernel\ExplorationAndDiscovery.SemanticKernel.csproj", "{BEA6D52F-0991-48C9-A903-976070AC2F61}"
EndProject
Project("{FAE04EC0-301F-11D3-BF4B-00C04F79EFBC}") = "ExplorationAndDiscovery.AgentFramework", "ExplorationAndDiscovery.AgentFramework\ExplorationAndDiscovery.AgentFramework.csproj", "{08318420-1ECB-43C0-8410-056FC1838244}"
EndProject
Project("{FAE04EC0-301F-11D3-BF4B-00C04F79EFBC}") = "ConfidenceReporting.SemanticKernel", "ConfidenceReporting.SemanticKernel\ConfidenceReporting.SemanticKernel.csproj", "{6499A73A-E9BC-4FEF-86E2-40F12AB45D2A}"
EndProject
Project("{FAE04EC0-301F-11D3-BF4B-00C04F79EFBC}") = "ConfidenceReporting.AgentFramework", "ConfidenceReporting.AgentFramework\ConfidenceReporting.AgentFramework.csproj", "{1C28211B-D599-48BE-83A0-C32711F0FB4F}"
EndProject
Global
	GlobalSection(SolutionConfigurationPlatforms) = preSolution
		Debug|Any CPU = Debug|Any CPU
		Release|Any CPU = Release|Any CPU
	EndGlobalSection
	GlobalSection(ProjectConfigurationPlatforms) = postSolution
		{A2B8D3ED-8B20-45BC-BF0E-28F9AE22666C}.Debug|Any CPU.ActiveCfg = Debug|Any CPU
		{A2B8D3ED-8B20-45BC-BF0E-28F9AE22666C}.Debug|Any CPU.Build.0 = Debug|Any CPU
		{A2B8D3ED-8B20-45BC-BF0E-28F9AE22666C}.Release|Any CPU.ActiveCfg = Release|Any CPU
		{A2B8D3ED-8B20-45BC-BF0E-28F9AE22666C}.Release|Any CPU.Build.0 = Release|Any CPU
		{3747365F-85D3-4097-941B-53108DAE1916}.Debug|Any CPU.ActiveCfg = Debug|Any CPU
		{3747365F-85D3-4097-941B-53108DAE1916}.Debug|Any CPU.Build.0 = Debug|Any CPU
		{3747365F-85D3-4097-941B-53108DAE1916}.Release|Any CPU.ActiveCfg = Release|Any CPU
		{3747365F-85D3-4097-941B-53108DAE1916}.Release|Any CPU.Build.0 = Release|Any CPU
		{046CC71A-5144-4F6B-820A-0A75B8A7BC8F}.Debug|Any CPU.ActiveCfg = Debug|Any CPU
		{046CC71A-5144-4F6B-820A-0A75B8A7BC8F}.Debug|Any CPU.Build.0 = Debug|Any CPU
		{046CC71A-5144-4F6B-820A-0A75B8A7BC8F}.Release|Any CPU.ActiveCfg = Release|Any CPU
		{046CC71A-5144-4F6B-820A-0A75B8A7BC8F}.Release|Any CPU.Build.0 = Release|Any CPU
		{827A71AD-E5FA-4A8A-BED2-B6D4E4AAEC24}.Debug|Any CPU.ActiveCfg = Debug|Any CPU
		{827A71AD-E5FA-4A8A-BED2-B6D4E4AAEC24}.Debug|Any CPU.Build.0 = Debug|Any CPU
		{827A71AD-E5FA-4A8A-BED2-B6D4E4AAEC24}.Release|Any CPU.ActiveCfg = Release|Any CPU
		{827A71AD-E5FA-4A8A-BED2-B6D4E4AAEC24}.Release|Any CPU.Build.0 = Release|Any CPU
		{84973B7F-A903-436F-9B68-D2999F9D9237}.Debug|Any CPU.ActiveCfg = Debug|Any CPU
		{84973B7F-A903-436F-9B68-D2999F9D9237}.Debug|Any CPU.Build.0 = Debug|Any CPU
		{84973B7F-A903-436F-9B68-D2999F9D9237}.Release|Any CPU.ActiveCfg = Release|Any CPU
		{84973B7F-A903-436F-9B68-D2999F9D9237}.Release|Any CPU.Build.0 = Release|Any CPU
		{ABCC2A7E-E186-465D-972C-10200320E03C}.Debug|Any CPU.ActiveCfg = Debug|Any CPU
		{ABCC2A7E-E186-465D-972C-10200320E03C}.Debug|Any CPU.Build.0 = Debug|Any CPU
		{ABCC2A7E-E186-465D-972C-10200320E03C}.Release|Any CPU.ActiveCfg = Release|Any CPU
		{ABCC2A7E-E186-465D-972C-10200320E03C}.Release|Any CPU.Build.0 = Release|Any CPU
		{F769C41B-1CA2-4C54-94F3-011919E33729}.Debug|Any CPU.ActiveCfg = Debug|Any CPU
		{F769C41B-1CA2-4C54-94F3-011919E33729}.Debug|Any CPU.Build.0 = Debug|Any CPU
		{F769C41B-1CA2-4C54-94F3-011919E33729}.Release|Any CPU.ActiveCfg = Release|Any CPU
		{F769C41B-1CA2-4C54-94F3-011919E33729}.Release|Any CPU.Build.0 = Release|Any CPU
		{233333C4-A158-43C4-8C60-CC1E90F40AAA}.Debug|Any CPU.ActiveCfg = Debug|Any CPU
		{233333C4-A158-43C4-8C60-CC1E90F40AAA}.Debug|Any CPU.Build.0 = Debug|Any CPU
		{233333C4-A158-43C4-8C60-CC1E90F40AAA}.Release|Any CPU.ActiveCfg = Release|Any CPU
		{233333C4-A158-43C4-8C60-CC1E90F40AAA}.Release|Any CPU.Build.0 = Release|Any CPU
		{88A248EA-17C4-4489-9D61-091DC587B335}.Debug|Any CPU.ActiveCfg = Debug|Any CPU
		{88A248EA-17C4-4489-9D61-091DC587B335}.Debug|Any CPU.Build.0 = Debug|Any CPU
		{88A248EA-17C4-4489-9D61-091DC587B335}.Release|Any CPU.ActiveCfg = Release|Any CPU
		{88A248EA-17C4-4489-9D61-091DC587B335}.Release|Any CPU.Build.0 = Release|Any CPU
		{9EB35343-2133-458B-BF85-540BD83A1BAA}.Debug|Any CPU.ActiveCfg = Debug|Any CPU
		{9EB35343-2133-458B-BF85-540BD83A1BAA}.Debug|Any CPU.Build.0 = Debug|Any CPU
		{9EB35343-2133-458B-BF85-540BD83A1BAA}.Release|Any CPU.ActiveCfg = Release|Any CPU
		{9EB35343-2133-458B-BF85-540BD83A1BAA}.Release|Any CPU.Build.0 = Release|Any CPU
		{CB19F9B0-3A3B-41ED-96C1-F83802E0AE3A}.Debug|Any CPU.ActiveCfg = Debug|Any CPU
		{CB19F9B0-3A3B-41ED-96C1-F83802E0AE3A}.Debug|Any CPU.Build.0 = Debug|Any CPU
		{CB19F9B0-3A3B-41ED-96C1-F83802E0AE3A}.Release|Any CPU.ActiveCfg = Release|Any CPU
		{CB19F9B0-3A3B-41ED-96C1-F83802E0AE3A}.Release|Any CPU.Build.0 = Release|Any CPU
		{9EC0AD76-FF35-4A84-BD45-AC0F422B39E3}.Debug|Any CPU.ActiveCfg = Debug|Any CPU
		{9EC0AD76-FF35-4A84-BD45-AC0F422B39E3}.Debug|Any CPU.Build.0 = Debug|Any CPU
		{9EC0AD76-FF35-4A84-BD45-AC0F422B39E3}.Release|Any CPU.ActiveCfg = Release|Any CPU
		{9EC0AD76-FF35-4A84-BD45-AC0F422B39E3}.Release|Any CPU.Build.0 = Release|Any CPU
		{E373BD76-A98F-4A7D-B970-66083E508FA8}.Debug|Any CPU.ActiveCfg = Debug|Any CPU
		{E373BD76-A98F-4A7D-B970-66083E508FA8}.Debug|Any CPU.Build.0 = Debug|Any CPU
		{E373BD76-A98F-4A7D-B970-66083E508FA8}.Release|Any CPU.ActiveCfg = Release|Any CPU
		{E373BD76-A98F-4A7D-B970-66083E508FA8}.Release|Any CPU.Build.0 = Release|Any CPU
		{632701A3-2F9D-4349-9DBC-13F5EC62F255}.Debug|Any CPU.ActiveCfg = Debug|Any CPU
		{632701A3-2F9D-4349-9DBC-13F5EC62F255}.Debug|Any CPU.Build.0 = Debug|Any CPU
		{632701A3-2F9D-4349-9DBC-13F5EC62F255}.Release|Any CPU.ActiveCfg = Release|Any CPU
		{632701A3-2F9D-4349-9DBC-13F5EC62F255}.Release|Any CPU.Build.0 = Release|Any CPU
		{CA37B65D-9F10-4520-8AD1-FFA104EBDEE2}.Debug|Any CPU.ActiveCfg = Debug|Any CPU
		{CA37B65D-9F10-4520-8AD1-FFA104EBDEE2}.Debug|Any CPU.Build.0 = Debug|Any CPU
		{CA37B65D-9F10-4520-8AD1-FFA104EBDEE2}.Release|Any CPU.ActiveCfg = Release|Any CPU
		{CA37B65D-9F10-4520-8AD1-FFA104EBDEE2}.Release|Any CPU.Build.0 = Release|Any CPU
		{0C279131-9679-40B6-B751-3F99B1F940D8}.Debug|Any CPU.ActiveCfg = Debug|Any CPU
		{0C279131-9679-40B6-B751-3F99B1F940D8}.Debug|Any CPU.Build.0 = Debug|Any CPU
		{0C279131-9679-40B6-B751-3F99B1F940D8}.Release|Any CPU.ActiveCfg = Release|Any CPU
		{0C279131-9679-40B6-B751-3F99B1F940D8}.Release|Any CPU.Build.0 = Release|Any CPU
		{12D197BF-0A68-4AD1-98D9-9A61F4EDD759}.Debug|Any CPU.ActiveCfg = Debug|Any CPU
		{12D197BF-0A68-4AD1-98D9-9A61F4EDD759}.Debug|Any CPU.Build.0 = Debug|Any CPU
		{12D197BF-0A68-4AD1-98D9-9A61F4EDD759}.Release|Any CPU.ActiveCfg = Release|Any CPU
		{12D197BF-0A68-4AD1-98D9-9A61F4EDD759}.Release|Any CPU.Build.0 = Release|Any CPU
		{AECE60CE-9A59-48DA-982D-C62E73DFF5A3}.Debug|Any CPU.ActiveCfg = Debug|Any CPU
		{AECE60CE-9A59-48DA-982D-C62E73DFF5A3}.Debug|Any CPU.Build.0 = Debug|Any CPU
		{AECE60CE-9A59-48DA-982D-C62E73DFF5A3}.Release|Any CPU.ActiveCfg = Release|Any CPU
		{AECE60CE-9A59-48DA-982D-C62E73DFF5A3}.Release|Any CPU.Build.0 = Release|Any CPU
		{838FD919-252B-4DC3-B551-822ACA937CA9}.Debug|Any CPU.ActiveCfg = Debug|Any CPU
		{838FD919-252B-4DC3-B551-822ACA937CA9}.Debug|Any CPU.Build.0 = Debug|Any CPU
		{838FD919-252B-4DC3-B551-822ACA937CA9}.Release|Any CPU.ActiveCfg = Release|Any CPU
		{838FD919-252B-4DC3-B551-822ACA937CA9}.Release|Any CPU.Build.0 = Release|Any CPU
		{3EF068DF-B69E-46B1-8E00-C908AF5D0181}.Debug|Any CPU.ActiveCfg = Debug|Any CPU
		{3EF068DF-B69E-46B1-8E00-C908AF5D0181}.Debug|Any CPU.Build.0 = Debug|Any CPU
		{3EF068DF-B69E-46B1-8E00-C908AF5D0181}.Release|Any CPU.ActiveCfg = Release|Any CPU
		{3EF068DF-B69E-46B1-8E00-C908AF5D0181}.Release|Any CPU.Build.0 = Release|Any CPU
		{EF4AB50B-BE41-46B4-8A0D-A5D4AAD949C9}.Debug|Any CPU.ActiveCfg = Debug|Any CPU
		{EF4AB50B-BE41-46B4-8A0D-A5D4AAD949C9}.Debug|Any CPU.Build.0 = Debug|Any CPU
		{EF4AB50B-BE41-46B4-8A0D-A5D4AAD949C9}.Release|Any CPU.ActiveCfg = Release|Any CPU
		{EF4AB50B-BE41-46B4-8A0D-A5D4AAD949C9}.Release|Any CPU.Build.0 = Release|Any CPU
		{2D4D76FC-D909-4061-A6C1-57D23FF82863}.Debug|Any CPU.ActiveCfg = Debug|Any CPU
		{2D4D76FC-D909-4061-A6C1-57D23FF82863}.Debug|Any CPU.Build.0 = Debug|Any CPU
		{2D4D76FC-D909-4061-A6C1-57D23FF82863}.Release|Any CPU.ActiveCfg = Release|Any CPU
		{2D4D76FC-D909-4061-A6C1-57D23FF82863}.Release|Any CPU.Build.0 = Release|Any CPU
		{E1F119FB-97D6-466C-B6C0-962F5FBE76AD}.Debug|Any CPU.ActiveCfg = Debug|Any CPU
		{E1F119FB-97D6-466C-B6C0-962F5FBE76AD}.Debug|Any CPU.Build.0 = Debug|Any CPU
		{E1F119FB-97D6-466C-B6C0-962F5FBE76AD}.Release|Any CPU.ActiveCfg = Release|Any CPU
		{E1F119FB-97D6-466C-B6C0-962F5FBE76AD}.Release|Any CPU.Build.0 = Release|Any CPU
		{096A2A68-A942-4256-A5A9-7036AF01A465}.Debug|Any CPU.ActiveCfg = Debug|Any CPU
		{096A2A68-A942-4256-A5A9-7036AF01A465}.Debug|Any CPU.Build.0 = Debug|Any CPU
		{096A2A68-A942-4256-A5A9-7036AF01A465}.Release|Any CPU.ActiveCfg = Release|Any CPU
		{096A2A68-A942-4256-A5A9-7036AF01A465}.Release|Any CPU.Build.0 = Release|Any CPU
		{35AE8CCC-B285-45CC-9B98-15FB4E6B21A6}.Debug|Any CPU.ActiveCfg = Debug|Any CPU
		{35AE8CCC-B285-45CC-9B98-15FB4E6B21A6}.Debug|Any CPU.Build.0 = Debug|Any CPU
		{35AE8CCC-B285-45CC-9B98-15FB4E6B21A6}.Release|Any CPU.ActiveCfg = Release|Any CPU
		{35AE8CCC-B285-45CC-9B98-15FB4E6B21A6}.Release|Any CPU.Build.0 = Release|Any CPU
		{C59D0B7D-11E9-47FA-88D0-342BCC29050E}.Debug|Any CPU.ActiveCfg = Debug|Any CPU
		{C59D0B7D-11E9-47FA-88D0-342BCC29050E}.Debug|Any CPU.Build.0 = Debug|Any CPU
		{C59D0B7D-11E9-47FA-88D0-342BCC29050E}.Release|Any CPU.ActiveCfg = Release|Any CPU
		{C59D0B7D-11E9-47FA-88D0-342BCC29050E}.Release|Any CPU.Build.0 = Release|Any CPU
		{64F3C289-2DC2-4501-85E2-7328C62C8B4D}.Debug|Any CPU.ActiveCfg = Debug|Any CPU
		{64F3C289-2DC2-4501-85E2-7328C62C8B4D}.Debug|Any CPU.Build.0 = Debug|Any CPU
		{64F3C289-2DC2-4501-85E2-7328C62C8B4D}.Release|Any CPU.ActiveCfg = Release|Any CPU
		{64F3C289-2DC2-4501-85E2-7328C62C8B4D}.Release|Any CPU.Build.0 = Release|Any CPU
		{4A3FC202-6AE4-4E3B-B3A7-01BFF7AC7338}.Debug|Any CPU.ActiveCfg = Debug|Any CPU
		{4A3FC202-6AE4-4E3B-B3A7-01BFF7AC7338}.Debug|Any CPU.Build.0 = Debug|Any CPU
		{4A3FC202-6AE4-4E3B-B3A7-01BFF7AC7338}.Release|Any CPU.ActiveCfg = Release|Any CPU
		{4A3FC202-6AE4-4E3B-B3A7-01BFF7AC7338}.Release|Any CPU.Build.0 = Release|Any CPU
		{7D08EE3C-CF08-4D15-A2FF-238A6050957D}.Debug|Any CPU.ActiveCfg = Debug|Any CPU
		{7D08EE3C-CF08-4D15-A2FF-238A6050957D}.Debug|Any CPU.Build.0 = Debug|Any CPU
		{7D08EE3C-CF08-4D15-A2FF-238A6050957D}.Release|Any CPU.ActiveCfg = Release|Any CPU
		{7D08EE3C-CF08-4D15-A2FF-238A6050957D}.Release|Any CPU.Build.0 = Release|Any CPU
		{E6A88D8E-B182-4980-9954-B19D3A5FBD09}.Debug|Any CPU.ActiveCfg = Debug|Any CPU
		{E6A88D8E-B182-4980-9954-B19D3A5FBD09}.Debug|Any CPU.Build.0 = Debug|Any CPU
		{E6A88D8E-B182-4980-9954-B19D3A5FBD09}.Release|Any CPU.ActiveCfg = Release|Any CPU
		{E6A88D8E-B182-4980-9954-B19D3A5FBD09}.Release|Any CPU.Build.0 = Release|Any CPU
		{6CC08204-1321-4EA3-B53B-588460D63199}.Debug|Any CPU.ActiveCfg = Debug|Any CPU
		{6CC08204-1321-4EA3-B53B-588460D63199}.Debug|Any CPU.Build.0 = Debug|Any CPU
		{6CC08204-1321-4EA3-B53B-588460D63199}.Release|Any CPU.ActiveCfg = Release|Any CPU
		{6CC08204-1321-4EA3-B53B-588460D63199}.Release|Any CPU.Build.0 = Release|Any CPU
		{F3CF8650-E22D-4C96-9E19-FF9C70B260D0}.Debug|Any CPU.ActiveCfg = Debug|Any CPU
		{F3CF8650-E22D-4C96-9E19-FF9C70B260D0}.Debug|Any CPU.Build.0 = Debug|Any CPU
		{F3CF8650-E22D-4C96-9E19-FF9C70B260D0}.Release|Any CPU.ActiveCfg = Release|Any CPU
		{F3CF8650-E22D-4C96-9E19-FF9C70B260D0}.Release|Any CPU.Build.0 = Release|Any CPU
		{0209D398-BF36-4BA7-962E-0D270C020927}.Debug|Any CPU.ActiveCfg = Debug|Any CPU
		{0209D398-BF36-4BA7-962E-0D270C020927}.Debug|Any CPU.Build.0 = Debug|Any CPU
		{0209D398-BF36-4BA7-962E-0D270C020927}.Release|Any CPU.ActiveCfg = Release|Any CPU
		{0209D398-BF36-4BA7-962E-0D270C020927}.Release|Any CPU.Build.0 = Release|Any CPU
		{2DE71327-62B0-4CA4-91B0-E34C66129648}.Debug|Any CPU.ActiveCfg = Debug|Any CPU
		{2DE71327-62B0-4CA4-91B0-E34C66129648}.Debug|Any CPU.Build.0 = Debug|Any CPU
		{2DE71327-62B0-4CA4-91B0-E34C66129648}.Release|Any CPU.ActiveCfg = Release|Any CPU
		{2DE71327-62B0-4CA4-91B0-E34C66129648}.Release|Any CPU.Build.0 = Release|Any CPU
		{28F59CEB-4541-42B9-9608-5F2F18D36961}.Debug|Any CPU.ActiveCfg = Debug|Any CPU
		{28F59CEB-4541-42B9-9608-5F2F18D36961}.Debug|Any CPU.Build.0 = Debug|Any CPU
		{28F59CEB-4541-42B9-9608-5F2F18D36961}.Release|Any CPU.ActiveCfg = Release|Any CPU
		{28F59CEB-4541-42B9-9608-5F2F18D36961}.Release|Any CPU.Build.0 = Release|Any CPU
		{9A7AD17C-C77D-4FDA-95D4-89E874346320}.Debug|Any CPU.ActiveCfg = Debug|Any CPU
		{9A7AD17C-C77D-4FDA-95D4-89E874346320}.Debug|Any CPU.Build.0 = Debug|Any CPU
		{9A7AD17C-C77D-4FDA-95D4-89E874346320}.Release|Any CPU.ActiveCfg = Release|Any CPU
		{9A7AD17C-C77D-4FDA-95D4-89E874346320}.Release|Any CPU.Build.0 = Release|Any CPU
		{ECF403B4-6009-4443-A52C-53749883897C}.Debug|Any CPU.ActiveCfg = Debug|Any CPU
		{ECF403B4-6009-4443-A52C-53749883897C}.Debug|Any CPU.Build.0 = Debug|Any CPU
		{ECF403B4-6009-4443-A52C-53749883897C}.Release|Any CPU.ActiveCfg = Release|Any CPU
		{ECF403B4-6009-4443-A52C-53749883897C}.Release|Any CPU.Build.0 = Release|Any CPU
		{8EAA1561-1546-45DB-BA48-75570CC4A3E1}.Debug|Any CPU.ActiveCfg = Debug|Any CPU
		{8EAA1561-1546-45DB-BA48-75570CC4A3E1}.Debug|Any CPU.Build.0 = Debug|Any CPU
		{8EAA1561-1546-45DB-BA48-75570CC4A3E1}.Release|Any CPU.ActiveCfg = Release|Any CPU
		{8EAA1561-1546-45DB-BA48-75570CC4A3E1}.Release|Any CPU.Build.0 = Release|Any CPU
		{FC6ECC1D-A250-4AC4-A5D3-CB9F497667EC}.Debug|Any CPU.ActiveCfg = Debug|Any CPU
		{FC6ECC1D-A250-4AC4-A5D3-CB9F497667EC}.Debug|Any CPU.Build.0 = Debug|Any CPU
		{FC6ECC1D-A250-4AC4-A5D3-CB9F497667EC}.Release|Any CPU.ActiveCfg = Release|Any CPU
		{FC6ECC1D-A250-4AC4-A5D3-CB9F497667EC}.Release|Any CPU.Build.0 = Release|Any CPU
		{A7A29D57-AA15-4308-BAE6-04327B61ACEC}.Debug|Any CPU.ActiveCfg = Debug|Any CPU
		{A7A29D57-AA15-4308-BAE6-04327B61ACEC}.Debug|Any CPU.Build.0 = Debug|Any CPU
		{A7A29D57-AA15-4308-BAE6-04327B61ACEC}.Release|Any CPU.ActiveCfg = Release|Any CPU
		{A7A29D57-AA15-4308-BAE6-04327B61ACEC}.Release|Any CPU.Build.0 = Release|Any CPU
		{0A93C78D-7122-4911-9F93-708D286DB21E}.Debug|Any CPU.ActiveCfg = Debug|Any CPU
		{0A93C78D-7122-4911-9F93-708D286DB21E}.Debug|Any CPU.Build.0 = Debug|Any CPU
		{0A93C78D-7122-4911-9F93-708D286DB21E}.Release|Any CPU.ActiveCfg = Release|Any CPU
		{0A93C78D-7122-4911-9F93-708D286DB21E}.Release|Any CPU.Build.0 = Release|Any CPU
		{7069F54B-3223-4656-B42E-7287A147B4A6}.Debug|Any CPU.ActiveCfg = Debug|Any CPU
		{7069F54B-3223-4656-B42E-7287A147B4A6}.Debug|Any CPU.Build.0 = Debug|Any CPU
		{7069F54B-3223-4656-B42E-7287A147B4A6}.Release|Any CPU.ActiveCfg = Release|Any CPU
		{7069F54B-3223-4656-B42E-7287A147B4A6}.Release|Any CPU.Build.0 = Release|Any CPU
		{BEA6D52F-0991-48C9-A903-976070AC2F61}.Debug|Any CPU.ActiveCfg = Debug|Any CPU
		{BEA6D52F-0991-48C9-A903-976070AC2F61}.Debug|Any CPU.Build.0 = Debug|Any CPU
		{BEA6D52F-0991-48C9-A903-976070AC2F61}.Release|Any CPU.ActiveCfg = Release|Any CPU
		{BEA6D52F-0991-48C9-A903-976070AC2F61}.Release|Any CPU.Build.0 = Release|Any CPU
		{08318420-1ECB-43C0-8410-056FC1838244}.Debug|Any CPU.ActiveCfg = Debug|Any CPU
		{08318420-1ECB-43C0-8410-056FC1838244}.Debug|Any CPU.Build.0 = Debug|Any CPU
		{08318420-1ECB-43C0-8410-056FC1838244}.Release|Any CPU.ActiveCfg = Release|Any CPU
		{08318420-1ECB-43C0-8410-056FC1838244}.Release|Any CPU.Build.0 = Release|Any CPU
		{6499A73A-E9BC-4FEF-86E2-40F12AB45D2A}.Debug|Any CPU.ActiveCfg = Debug|Any CPU
		{6499A73A-E9BC-4FEF-86E2-40F12AB45D2A}.Debug|Any CPU.Build.0 = Debug|Any CPU
		{6499A73A-E9BC-4FEF-86E2-40F12AB45D2A}.Release|Any CPU.ActiveCfg = Release|Any CPU
		{6499A73A-E9BC-4FEF-86E2-40F12AB45D2A}.Release|Any CPU.Build.0 = Release|Any CPU
		{1C28211B-D599-48BE-83A0-C32711F0FB4F}.Debug|Any CPU.ActiveCfg = Debug|Any CPU
		{1C28211B-D599-48BE-83A0-C32711F0FB4F}.Debug|Any CPU.Build.0 = Debug|Any CPU
		{1C28211B-D599-48BE-83A0-C32711F0FB4F}.Release|Any CPU.ActiveCfg = Release|Any CPU
		{1C28211B-D599-48BE-83A0-C32711F0FB4F}.Release|Any CPU.Build.0 = Release|Any CPU
	EndGlobalSection
	GlobalSection(NestedProjects) = preSolution
		{4A3FC202-6AE4-4E3B-B3A7-01BFF7AC7338} = {C1B4C484-62E8-484C-9161-C3B095DCD0E9}
		{7D08EE3C-CF08-4D15-A2FF-238A6050957D} = {C1B4C484-62E8-484C-9161-C3B095DCD0E9}
		{E6A88D8E-B182-4980-9954-B19D3A5FBD09} = {C1B4C484-62E8-484C-9161-C3B095DCD0E9}
		{6CC08204-1321-4EA3-B53B-588460D63199} = {C1B4C484-62E8-484C-9161-C3B095DCD0E9}
		{2DE71327-62B0-4CA4-91B0-E34C66129648} = {30EC1B76-B18A-4F4F-92FB-8D1C58C10450}
		{9A7AD17C-C77D-4FDA-95D4-89E874346320} = {30EC1B76-B18A-4F4F-92FB-8D1C58C10450}
		{28F59CEB-4541-42B9-9608-5F2F18D36961} = {30EC1B76-B18A-4F4F-92FB-8D1C58C10450}
	EndGlobalSection
EndGlobal
