
Microsoft Visual Studio Solution File, Format Version 12.00
Project("{FAE04EC0-301F-11D3-BF4B-00C04F79EFBC}") = "PromptChaining.SemanticKernel", "PromptChaining.SemanticKernel\PromptChaining.SemanticKernel.csproj", "{A2B8D3ED-8B20-45BC-BF0E-28F9AE22666C}"
EndProject
Project("{FAE04EC0-301F-11D3-BF4B-00C04F79EFBC}") = "Shared", "Shared\Shared.csproj", "{3747365F-85D3-4097-941B-53108DAE1916}"
EndProject
Project("{FAE04EC0-301F-11D3-BF4B-00C04F79EFBC}") = "PromptChaining.AgentFramework", "PromptChaining.AgentFramework\PromptChaining.AgentFramework.csproj", "{046CC71A-5144-4F6B-820A-0A75B8A7BC8F}"
EndProject
Project("{FAE04EC0-301F-11D3-BF4B-00C04F79EFBC}") = "Routing.SemanticKernel", "Routing.SemanticKernel\Routing.SemanticKernel.csproj", "{827A71AD-E5FA-4A8A-BED2-B6D4E4AAEC24}"
EndProject
Project("{FAE04EC0-301F-11D3-BF4B-00C04F79EFBC}") = "Routing.AgentFramework", "Routing.AgentFramework\Routing.AgentFramework.csproj", "{84973B7F-A903-436F-9B68-D2999F9D9237}"
EndProject
Project("{FAE04EC0-301F-11D3-BF4B-00C04F79EFBC}") = "Routing.AgentFramework.Workflow", "Routing.AgentFramework.Workflow\Routing.AgentFramework.Workflow.csproj", "{ABCC2A7E-E186-465D-972C-10200320E03C}"
EndProject
Project("{FAE04EC0-301F-11D3-BF4B-00C04F79EFBC}") = "Parallelization.SemanticKernel", "Parallelization.SemanticKernel\Parallelization.SemanticKernel.csproj", "{F769C41B-1CA2-4C54-94F3-011919E33729}"
EndProject
Project("{FAE04EC0-301F-11D3-BF4B-00C04F79EFBC}") = "Parallelization.AgentFramework", "Parallelization.AgentFramework\Parallelization.AgentFramework.csproj", "{233333C4-A158-43C4-8C60-CC1E90F40AAA}"
EndProject
Project("{FAE04EC0-301F-11D3-BF4B-00C04F79EFBC}") = "ToolUse.SemanticKernel", "ToolUse.SemanticKernel\ToolUse.SemanticKernel.csproj", "{88A248EA-17C4-4489-9D61-091DC587B335}"
EndProject
Project("{FAE04EC0-301F-11D3-BF4B-00C04F79EFBC}") = "ToolUse.AgentFramework", "ToolUse.AgentFramework\ToolUse.AgentFramework.csproj", "{9EB35343-2133-458B-BF85-540BD83A1BAA}"
EndProject
Project("{FAE04EC0-301F-11D3-BF4B-00C04F79EFBC}") = "Planning.SemanticKernel", "Planning.SemanticKernel\Planning.SemanticKernel.csproj", "{CB19F9B0-3A3B-41ED-96C1-F83802E0AE3A}"
EndProject
Project("{FAE04EC0-301F-11D3-BF4B-00C04F79EFBC}") = "Planning.AgentFramework", "Planning.AgentFramework\Planning.AgentFramework.csproj", "{9EC0AD76-FF35-4A84-BD45-AC0F422B39E3}"
EndProject
Project("{FAE04EC0-301F-11D3-BF4B-00C04F79EFBC}") = "MultiAgentCollaboration.SemanticKernel", "MultiAgentCollaboration.SemanticKernel\MultiAgentCollaboration.SemanticKernel.csproj", "{E373BD76-A98F-4A7D-B970-66083E508FA8}"
EndProject
Project("{FAE04EC0-301F-11D3-BF4B-00C04F79EFBC}") = "MultiAgentCollaboration.AgentFramework", "MultiAgentCollaboration.AgentFramework\MultiAgentCollaboration.AgentFramework.csproj", "{632701A3-2F9D-4349-9DBC-13F5EC62F255}"
EndProject
Project("{FAE04EC0-301F-11D3-BF4B-00C04F79EFBC}") = "MemoryManagement.SemanticKernel", "MemoryManagement.SemanticKernel\MemoryManagement.SemanticKernel.csproj", "{CA37B65D-9F10-4520-8AD1-FFA104EBDEE2}"
EndProject
Project("{FAE04EC0-301F-11D3-BF4B-00C04F79EFBC}") = "MemoryManagement.AgentFramework", "MemoryManagement.AgentFramework\MemoryManagement.AgentFramework.csproj", "{0C279131-9679-40B6-B751-3F99B1F940D8}"
EndProject
Project("{FAE04EC0-301F-11D3-BF4B-00C04F79EFBC}") = "LearningAndAdaptation.SemanticKernel", "LearningAndAdaptation.SemanticKernel\LearningAndAdaptation.SemanticKernel.csproj", "{12D197BF-0A68-4AD1-98D9-9A61F4EDD759}"
EndProject
Project("{FAE04EC0-301F-11D3-BF4B-00C04F79EFBC}") = "LearningAndAdaptation.AgentFramework", "LearningAndAdaptation.AgentFramework\LearningAndAdaptation.AgentFramework.csproj", "{AECE60CE-9A59-48DA-982D-C62E73DFF5A3}"
EndProject
Project("{FAE04EC0-301F-11D3-BF4B-00C04F79EFBC}") = "MCP.SemanticKernel", "MCP.SemanticKernel\MCP.SemanticKernel.csproj", "{838FD919-252B-4DC3-B551-822ACA937CA9}"
EndProject
Project("{FAE04EC0-301F-11D3-BF4B-00C04F79EFBC}") = "GoalSettingAndMonitoring.SemanticKernel", "GoalSettingAndMonitoring.SemanticKernel\GoalSettingAndMonitoring.SemanticKernel.csproj", "{3EF068DF-B69E-46B1-8E00-C908AF5D0181}"
EndProject
Project("{FAE04EC0-301F-11D3-BF4B-00C04F79EFBC}") = "GoalSettingsAndMonitoring.AgentFramework", "GoalSettingsAndMonitoring.AgentFramework\GoalSettingsAndMonitoring.AgentFramework.csproj", "{EF4AB50B-BE41-46B4-8A0D-A5D4AAD949C9}"
EndProject
Project("{FAE04EC0-301F-11D3-BF4B-00C04F79EFBC}") = "ExceptionHandlingAndRecovery.SemanticKernel", "ExceptionHandlingAndRecovery.SemanticKernel\ExceptionHandlingAndRecovery.SemanticKernel.csproj", "{2D4D76FC-D909-4061-A6C1-57D23FF82863}"
EndProject
Project("{FAE04EC0-301F-11D3-BF4B-00C04F79EFBC}") = "ExceptionHandlingAndRecovery.AgentFramework", "ExceptionHandlingAndRecovery.AgentFramework\ExceptionHandlingAndRecovery.AgentFramework.csproj", "{E1F119FB-97D6-466C-B6C0-962F5FBE76AD}"
EndProject
Project("{FAE04EC0-301F-11D3-BF4B-00C04F79EFBC}") = "HumanInTheLoop.SemanticKernel", "HumanInTheLoop.SemanticKernel\HumanInTheLoop.SemanticKernel.csproj", "{096A2A68-A942-4256-A5A9-7036AF01A465}"
EndProject
Project("{FAE04EC0-301F-11D3-BF4B-00C04F79EFBC}") = "HumanInTheLoop.AgentFramework", "HumanInTheLoop.AgentFramework\HumanInTheLoop.AgentFramework.csproj", "{35AE8CCC-B285-45CC-9B98-15FB4E6B21A6}"
EndProject
Project("{FAE04EC0-301F-11D3-BF4B-00C04F79EFBC}") = "RAG.SemanticKernel", "RAG.SemanticKernel\RAG.SemanticKernel.csproj", "{C59D0B7D-11E9-47FA-88D0-342BCC29050E}"
EndProject
Project("{FAE04EC0-301F-11D3-BF4B-00C04F79EFBC}") = "RAG.AgentFramework", "RAG.AgentFramework\RAG.AgentFramework.csproj", "{64F3C289-2DC2-4501-85E2-7328C62C8B4D}"
EndProject
Global
	GlobalSection(SolutionConfigurationPlatforms) = preSolution
		Debug|Any CPU = Debug|Any CPU
		Release|Any CPU = Release|Any CPU
	EndGlobalSection
	GlobalSection(ProjectConfigurationPlatforms) = postSolution
		{A2B8D3ED-8B20-45BC-BF0E-28F9AE22666C}.Debug|Any CPU.ActiveCfg = Debug|Any CPU
		{A2B8D3ED-8B20-45BC-BF0E-28F9AE22666C}.Debug|Any CPU.Build.0 = Debug|Any CPU
		{A2B8D3ED-8B20-45BC-BF0E-28F9AE22666C}.Release|Any CPU.ActiveCfg = Release|Any CPU
		{A2B8D3ED-8B20-45BC-BF0E-28F9AE22666C}.Release|Any CPU.Build.0 = Release|Any CPU
		{3747365F-85D3-4097-941B-53108DAE1916}.Debug|Any CPU.ActiveCfg = Debug|Any CPU
		{3747365F-85D3-4097-941B-53108DAE1916}.Debug|Any CPU.Build.0 = Debug|Any CPU
		{3747365F-85D3-4097-941B-53108DAE1916}.Release|Any CPU.ActiveCfg = Release|Any CPU
		{3747365F-85D3-4097-941B-53108DAE1916}.Release|Any CPU.Build.0 = Release|Any CPU
		{046CC71A-5144-4F6B-820A-0A75B8A7BC8F}.Debug|Any CPU.ActiveCfg = Debug|Any CPU
		{046CC71A-5144-4F6B-820A-0A75B8A7BC8F}.Debug|Any CPU.Build.0 = Debug|Any CPU
		{046CC71A-5144-4F6B-820A-0A75B8A7BC8F}.Release|Any CPU.ActiveCfg = Release|Any CPU
		{046CC71A-5144-4F6B-820A-0A75B8A7BC8F}.Release|Any CPU.Build.0 = Release|Any CPU
		{827A71AD-E5FA-4A8A-BED2-B6D4E4AAEC24}.Debug|Any CPU.ActiveCfg = Debug|Any CPU
		{827A71AD-E5FA-4A8A-BED2-B6D4E4AAEC24}.Debug|Any CPU.Build.0 = Debug|Any CPU
		{827A71AD-E5FA-4A8A-BED2-B6D4E4AAEC24}.Release|Any CPU.ActiveCfg = Release|Any CPU
		{827A71AD-E5FA-4A8A-BED2-B6D4E4AAEC24}.Release|Any CPU.Build.0 = Release|Any CPU
		{84973B7F-A903-436F-9B68-D2999F9D9237}.Debug|Any CPU.ActiveCfg = Debug|Any CPU
		{84973B7F-A903-436F-9B68-D2999F9D9237}.Debug|Any CPU.Build.0 = Debug|Any CPU
		{84973B7F-A903-436F-9B68-D2999F9D9237}.Release|Any CPU.ActiveCfg = Release|Any CPU
		{84973B7F-A903-436F-9B68-D2999F9D9237}.Release|Any CPU.Build.0 = Release|Any CPU
		{ABCC2A7E-E186-465D-972C-10200320E03C}.Debug|Any CPU.ActiveCfg = Debug|Any CPU
		{ABCC2A7E-E186-465D-972C-10200320E03C}.Debug|Any CPU.Build.0 = Debug|Any CPU
		{ABCC2A7E-E186-465D-972C-10200320E03C}.Release|Any CPU.ActiveCfg = Release|Any CPU
		{ABCC2A7E-E186-465D-972C-10200320E03C}.Release|Any CPU.Build.0 = Release|Any CPU
		{F769C41B-1CA2-4C54-94F3-011919E33729}.Debug|Any CPU.ActiveCfg = Debug|Any CPU
		{F769C41B-1CA2-4C54-94F3-011919E33729}.Debug|Any CPU.Build.0 = Debug|Any CPU
		{F769C41B-1CA2-4C54-94F3-011919E33729}.Release|Any CPU.ActiveCfg = Release|Any CPU
		{F769C41B-1CA2-4C54-94F3-011919E33729}.Release|Any CPU.Build.0 = Release|Any CPU
		{233333C4-A158-43C4-8C60-CC1E90F40AAA}.Debug|Any CPU.ActiveCfg = Debug|Any CPU
		{233333C4-A158-43C4-8C60-CC1E90F40AAA}.Debug|Any CPU.Build.0 = Debug|Any CPU
		{233333C4-A158-43C4-8C60-CC1E90F40AAA}.Release|Any CPU.ActiveCfg = Release|Any CPU
		{233333C4-A158-43C4-8C60-CC1E90F40AAA}.Release|Any CPU.Build.0 = Release|Any CPU
		{88A248EA-17C4-4489-9D61-091DC587B335}.Debug|Any CPU.ActiveCfg = Debug|Any CPU
		{88A248EA-17C4-4489-9D61-091DC587B335}.Debug|Any CPU.Build.0 = Debug|Any CPU
		{88A248EA-17C4-4489-9D61-091DC587B335}.Release|Any CPU.ActiveCfg = Release|Any CPU
		{88A248EA-17C4-4489-9D61-091DC587B335}.Release|Any CPU.Build.0 = Release|Any CPU
		{9EB35343-2133-458B-BF85-540BD83A1BAA}.Debug|Any CPU.ActiveCfg = Debug|Any CPU
		{9EB35343-2133-458B-BF85-540BD83A1BAA}.Debug|Any CPU.Build.0 = Debug|Any CPU
		{9EB35343-2133-458B-BF85-540BD83A1BAA}.Release|Any CPU.ActiveCfg = Release|Any CPU
		{9EB35343-2133-458B-BF85-540BD83A1BAA}.Release|Any CPU.Build.0 = Release|Any CPU
		{CB19F9B0-3A3B-41ED-96C1-F83802E0AE3A}.Debug|Any CPU.ActiveCfg = Debug|Any CPU
		{CB19F9B0-3A3B-41ED-96C1-F83802E0AE3A}.Debug|Any CPU.Build.0 = Debug|Any CPU
		{CB19F9B0-3A3B-41ED-96C1-F83802E0AE3A}.Release|Any CPU.ActiveCfg = Release|Any CPU
		{CB19F9B0-3A3B-41ED-96C1-F83802E0AE3A}.Release|Any CPU.Build.0 = Release|Any CPU
		{9EC0AD76-FF35-4A84-BD45-AC0F422B39E3}.Debug|Any CPU.ActiveCfg = Debug|Any CPU
		{9EC0AD76-FF35-4A84-BD45-AC0F422B39E3}.Debug|Any CPU.Build.0 = Debug|Any CPU
		{9EC0AD76-FF35-4A84-BD45-AC0F422B39E3}.Release|Any CPU.ActiveCfg = Release|Any CPU
		{9EC0AD76-FF35-4A84-BD45-AC0F422B39E3}.Release|Any CPU.Build.0 = Release|Any CPU
		{E373BD76-A98F-4A7D-B970-66083E508FA8}.Debug|Any CPU.ActiveCfg = Debug|Any CPU
		{E373BD76-A98F-4A7D-B970-66083E508FA8}.Debug|Any CPU.Build.0 = Debug|Any CPU
		{E373BD76-A98F-4A7D-B970-66083E508FA8}.Release|Any CPU.ActiveCfg = Release|Any CPU
		{E373BD76-A98F-4A7D-B970-66083E508FA8}.Release|Any CPU.Build.0 = Release|Any CPU
		{632701A3-2F9D-4349-9DBC-13F5EC62F255}.Debug|Any CPU.ActiveCfg = Debug|Any CPU
		{632701A3-2F9D-4349-9DBC-13F5EC62F255}.Debug|Any CPU.Build.0 = Debug|Any CPU
		{632701A3-2F9D-4349-9DBC-13F5EC62F255}.Release|Any CPU.ActiveCfg = Release|Any CPU
		{632701A3-2F9D-4349-9DBC-13F5EC62F255}.Release|Any CPU.Build.0 = Release|Any CPU
		{CA37B65D-9F10-4520-8AD1-FFA104EBDEE2}.Debug|Any CPU.ActiveCfg = Debug|Any CPU
		{CA37B65D-9F10-4520-8AD1-FFA104EBDEE2}.Debug|Any CPU.Build.0 = Debug|Any CPU
		{CA37B65D-9F10-4520-8AD1-FFA104EBDEE2}.Release|Any CPU.ActiveCfg = Release|Any CPU
		{CA37B65D-9F10-4520-8AD1-FFA104EBDEE2}.Release|Any CPU.Build.0 = Release|Any CPU
		{0C279131-9679-40B6-B751-3F99B1F940D8}.Debug|Any CPU.ActiveCfg = Debug|Any CPU
		{0C279131-9679-40B6-B751-3F99B1F940D8}.Debug|Any CPU.Build.0 = Debug|Any CPU
		{0C279131-9679-40B6-B751-3F99B1F940D8}.Release|Any CPU.ActiveCfg = Release|Any CPU
		{0C279131-9679-40B6-B751-3F99B1F940D8}.Release|Any CPU.Build.0 = Release|Any CPU
		{12D197BF-0A68-4AD1-98D9-9A61F4EDD759}.Debug|Any CPU.ActiveCfg = Debug|Any CPU
		{12D197BF-0A68-4AD1-98D9-9A61F4EDD759}.Debug|Any CPU.Build.0 = Debug|Any CPU
		{12D197BF-0A68-4AD1-98D9-9A61F4EDD759}.Release|Any CPU.ActiveCfg = Release|Any CPU
		{12D197BF-0A68-4AD1-98D9-9A61F4EDD759}.Release|Any CPU.Build.0 = Release|Any CPU
		{AECE60CE-9A59-48DA-982D-C62E73DFF5A3}.Debug|Any CPU.ActiveCfg = Debug|Any CPU
		{AECE60CE-9A59-48DA-982D-C62E73DFF5A3}.Debug|Any CPU.Build.0 = Debug|Any CPU
		{AECE60CE-9A59-48DA-982D-C62E73DFF5A3}.Release|Any CPU.ActiveCfg = Release|Any CPU
		{AECE60CE-9A59-48DA-982D-C62E73DFF5A3}.Release|Any CPU.Build.0 = Release|Any CPU
		{838FD919-252B-4DC3-B551-822ACA937CA9}.Debug|Any CPU.ActiveCfg = Debug|Any CPU
		{838FD919-252B-4DC3-B551-822ACA937CA9}.Debug|Any CPU.Build.0 = Debug|Any CPU
		{838FD919-252B-4DC3-B551-822ACA937CA9}.Release|Any CPU.ActiveCfg = Release|Any CPU
		{838FD919-252B-4DC3-B551-822ACA937CA9}.Release|Any CPU.Build.0 = Release|Any CPU
		{3EF068DF-B69E-46B1-8E00-C908AF5D0181}.Debug|Any CPU.ActiveCfg = Debug|Any CPU
		{3EF068DF-B69E-46B1-8E00-C908AF5D0181}.Debug|Any CPU.Build.0 = Debug|Any CPU
		{3EF068DF-B69E-46B1-8E00-C908AF5D0181}.Release|Any CPU.ActiveCfg = Release|Any CPU
		{3EF068DF-B69E-46B1-8E00-C908AF5D0181}.Release|Any CPU.Build.0 = Release|Any CPU
		{EF4AB50B-BE41-46B4-8A0D-A5D4AAD949C9}.Debug|Any CPU.ActiveCfg = Debug|Any CPU
		{EF4AB50B-BE41-46B4-8A0D-A5D4AAD949C9}.Debug|Any CPU.Build.0 = Debug|Any CPU
		{EF4AB50B-BE41-46B4-8A0D-A5D4AAD949C9}.Release|Any CPU.ActiveCfg = Release|Any CPU
		{EF4AB50B-BE41-46B4-8A0D-A5D4AAD949C9}.Release|Any CPU.Build.0 = Release|Any CPU
		{2D4D76FC-D909-4061-A6C1-57D23FF82863}.Debug|Any CPU.ActiveCfg = Debug|Any CPU
		{2D4D76FC-D909-4061-A6C1-57D23FF82863}.Debug|Any CPU.Build.0 = Debug|Any CPU
		{2D4D76FC-D909-4061-A6C1-57D23FF82863}.Release|Any CPU.ActiveCfg = Release|Any CPU
		{2D4D76FC-D909-4061-A6C1-57D23FF82863}.Release|Any CPU.Build.0 = Release|Any CPU
		{E1F119FB-97D6-466C-B6C0-962F5FBE76AD}.Debug|Any CPU.ActiveCfg = Debug|Any CPU
		{E1F119FB-97D6-466C-B6C0-962F5FBE76AD}.Debug|Any CPU.Build.0 = Debug|Any CPU
		{E1F119FB-97D6-466C-B6C0-962F5FBE76AD}.Release|Any CPU.ActiveCfg = Release|Any CPU
		{E1F119FB-97D6-466C-B6C0-962F5FBE76AD}.Release|Any CPU.Build.0 = Release|Any CPU
		{096A2A68-A942-4256-A5A9-7036AF01A465}.Debug|Any CPU.ActiveCfg = Debug|Any CPU
		{096A2A68-A942-4256-A5A9-7036AF01A465}.Debug|Any CPU.Build.0 = Debug|Any CPU
		{096A2A68-A942-4256-A5A9-7036AF01A465}.Release|Any CPU.ActiveCfg = Release|Any CPU
		{096A2A68-A942-4256-A5A9-7036AF01A465}.Release|Any CPU.Build.0 = Release|Any CPU
		{35AE8CCC-B285-45CC-9B98-15FB4E6B21A6}.Debug|Any CPU.ActiveCfg = Debug|Any CPU
		{35AE8CCC-B285-45CC-9B98-15FB4E6B21A6}.Debug|Any CPU.Build.0 = Debug|Any CPU
		{35AE8CCC-B285-45CC-9B98-15FB4E6B21A6}.Release|Any CPU.ActiveCfg = Release|Any CPU
		{35AE8CCC-B285-45CC-9B98-15FB4E6B21A6}.Release|Any CPU.Build.0 = Release|Any CPU
		{C59D0B7D-11E9-47FA-88D0-342BCC29050E}.Debug|Any CPU.ActiveCfg = Debug|Any CPU
		{C59D0B7D-11E9-47FA-88D0-342BCC29050E}.Debug|Any CPU.Build.0 = Debug|Any CPU
		{C59D0B7D-11E9-47FA-88D0-342BCC29050E}.Release|Any CPU.ActiveCfg = Release|Any CPU
		{C59D0B7D-11E9-47FA-88D0-342BCC29050E}.Release|Any CPU.Build.0 = Release|Any CPU
		{64F3C289-2DC2-4501-85E2-7328C62C8B4D}.Debug|Any CPU.ActiveCfg = Debug|Any CPU
		{64F3C289-2DC2-4501-85E2-7328C62C8B4D}.Debug|Any CPU.Build.0 = Debug|Any CPU
		{64F3C289-2DC2-4501-85E2-7328C62C8B4D}.Release|Any CPU.ActiveCfg = Release|Any CPU
		{64F3C289-2DC2-4501-85E2-7328C62C8B4D}.Release|Any CPU.Build.0 = Release|Any CPU
	EndGlobalSection
EndGlobal
