<Solution>
  <Folder Name="/InterAgentCommunication/">
    <Project Path="InterAgentCommunication.A2A.AgentFramework.Client/InterAgentCommunication.A2A.AgentFramework.Client.csproj" />
    <Project Path="InterAgentCommunication.A2A.AgentFramework.Server/InterAgentCommunication.A2A.AgentFramework.Server.csproj" />
    <Project Path="InterAgentCommunication.A2A.SemanticKernel.Client/InterAgentCommunication.A2A.SemanticKernel.Client.csproj" />
    <Project Path="InterAgentCommunication.A2A.SemanticKernel.Server/InterAgentCommunication.A2A.SemanticKernel.Server.csproj" />
  </Folder>
  <Folder Name="/ReasoningTechniques/">
    <Project Path="ChainofThoughts/ChainofThoughts.csproj" />
    <Project Path="ReasoningAndActing/ReasoningAndActing.csproj" />
    <Project Path="SelfCorrectionLoop/SelfCorrectionLoop.csproj" />
  </Folder>
  <Project Path="ConfidenceReporting.AgentFramework/ConfidenceReporting.AgentFramework.csproj" />
  <Project Path="ConfidenceReporting.SemanticKernel/ConfidenceReporting.SemanticKernel.csproj" />
  <Project Path="EvaluationAndMonitoring.AgentFramework/EvaluationAndMonitoring.AgentFramework.csproj" />
  <Project Path="EvaluationAndMonitoring.SemanticKernel/EvaluationAndMonitoring.SemanticKernel.csproj" />
  <Project Path="ExceptionHandlingAndRecovery.AgentFramework/ExceptionHandlingAndRecovery.AgentFramework.csproj" />
  <Project Path="ExceptionHandlingAndRecovery.SemanticKernel/ExceptionHandlingAndRecovery.SemanticKernel.csproj" />
  <Project Path="ExpeL.AgentFramework/ExpeL.AgentFramework.csproj" />
  <Project Path="ExpeL.SemanticKernel/ExpeL.SemanticKernel.csproj" />
  <Project Path="ExplorationAndDiscovery.AgentFramework/ExplorationAndDiscovery.AgentFramework.csproj" />
  <Project Path="ExplorationAndDiscovery.SemanticKernel/ExplorationAndDiscovery.SemanticKernel.csproj" />
  <Project Path="GoalSettingAndMonitoring.SemanticKernel/GoalSettingAndMonitoring.SemanticKernel.csproj" />
  <Project Path="GoalSettingsAndMonitoring.AgentFramework/GoalSettingsAndMonitoring.AgentFramework.csproj" />
  <Project Path="GuardRails.AgentFramework/GuardRails.AgentFramework.csproj" />
  <Project Path="GuardRails.SemanticKernel/GuardRails.SemanticKernel.csproj" />
  <Project Path="HumanInTheLoop.AgentFramework/HumanInTheLoop.AgentFramework.csproj" />
  <Project Path="HumanInTheLoop.SemanticKernel/HumanInTheLoop.SemanticKernel.csproj" />
  <Project Path="LearningAndAdaptation.AgentFramework/LearningAndAdaptation.AgentFramework.csproj" />
  <Project Path="LearningAndAdaptation.SemanticKernel/LearningAndAdaptation.SemanticKernel.csproj" />
  <Project Path="MCP.SemanticKernel/MCP.SemanticKernel.csproj" />
  <Project Path="MemoryManagement.AgentFramework/MemoryManagement.AgentFramework.csproj" />
  <Project Path="MemoryManagement.SemanticKernel/MemoryManagement.SemanticKernel.csproj" />
  <Project Path="MultiAgentCollaboration.AgentFramework/MultiAgentCollaboration.AgentFramework.csproj" />
  <Project Path="MultiAgentCollaboration.SemanticKernel/MultiAgentCollaboration.SemanticKernel.csproj" />
  <Project Path="Parallelization.AgentFramework/Parallelization.AgentFramework.csproj" />
  <Project Path="Parallelization.SemanticKernel/Parallelization.SemanticKernel.csproj" />
  <Project Path="Planning.AgentFramework/Planning.AgentFramework.csproj" />
  <Project Path="Planning.SemanticKernel/Planning.SemanticKernel.csproj" />
  <Project Path="Prioritization.AgentFramework/Prioritization.AgentFramework.csproj" />
  <Project Path="Prioritization.SemanticKernel/Prioritization.SemanticKernel.csproj" />
  <Project Path="PromptChaining.AgentFramework/PromptChaining.AgentFramework.csproj" />
  <Project Path="PromptChaining.SemanticKernel/PromptChaining.SemanticKernel.csproj" />
  <Project Path="RAG.AgentFramework/RAG.AgentFramework.csproj" />
  <Project Path="RAG.SemanticKernel/RAG.SemanticKernel.csproj" />
  <Project Path="ResourceAwareOptimization.AgentFramework/ResourceAwareOptimization.AgentFramework.csproj" />
  <Project Path="ResourceAwareOptimization.SemanticKernel/ResourceAwareOptimization.SemanticKernel.csproj" />
  <Project Path="Routing.AgentFramework.Workflow/Routing.AgentFramework.Workflow.csproj" />
  <Project Path="Routing.AgentFramework/Routing.AgentFramework.csproj" />
  <Project Path="Routing.SemanticKernel/Routing.SemanticKernel.csproj" />
  <Project Path="SelfNote.AgentFramework/SelfNote.AgentFramework.csproj" />
  <Project Path="SelfNote.SemanticKernel/SelfNote.SemanticKernel.csproj" />
  <Project Path="Shared/Shared.csproj" />
  <Project Path="ToolUse.AgentFramework/ToolUse.AgentFramework.csproj" />
  <Project Path="ToolUse.SemanticKernel/ToolUse.SemanticKernel.csproj" />
  <Project Path="Voting.AgentFramework/Voting.AgentFramework.csproj" />
  <Project Path="Voting.SemanticKernel/Voting.SemanticKernel.csproj" />
</Solution>
